
Microsoft Visual Studio Solution File, Format Version 12.00
# Visual Studio Version 17
VisualStudioVersion = 17.10.35027.167
MinimumVisualStudioVersion = 10.0.40219.1
Project("{9A19103F-16F7-4668-BE54-9A1E7A4F7556}") = "API", "API\API.csproj", "{D1C33081-F3E5-4BC7-BFA4-8E0CD503D61C}"
EndProject
Project("{9A19103F-16F7-4668-BE54-9A1E7A4F7556}") = "DB", "DB\DB.csproj", "{018EBCF4-0BB1-4814-99A5-7348BA015576}"
EndProject
Project("{9A19103F-16F7-4668-BE54-9A1E7A4F7556}") = "Model", "Model\Model.csproj", "{CB61233E-AF70-413B-AACB-35677AD0F688}"
EndProject
Project("{9A19103F-16F7-4668-BE54-9A1E7A4F7556}") = "Services", "Services\Services.csproj", "{E8CA773C-161E-4136-854C-E6E02891C03A}"
EndProject
Project("{9A19103F-16F7-4668-BE54-9A1E7A4F7556}") = "FiltersAttributesAndMiddleware", "FiltersAttributesAndMiddleware\FiltersAttributesAndMiddleware.csproj", "{4D2B9D3D-E1F5-4DE0-B08A-8F6B7D104A48}"
EndProject
Project("{FAE04EC0-301F-11D3-BF4B-00C04F79EFBC}") = "DB.Test", "DB.Test\DB.Test.csproj", "{523423CF-0F45-4B43-834A-886B1E77364D}"
EndProject
Global
	GlobalSection(SolutionConfigurationPlatforms) = preSolution
		Debug|Any CPU = Debug|Any CPU
		Release|Any CPU = Release|Any CPU
	EndGlobalSection
	GlobalSection(ProjectConfigurationPlatforms) = postSolution
		{D1C33081-F3E5-4BC7-BFA4-8E0CD503D61C}.Debug|Any CPU.ActiveCfg = Debug|Any CPU
		{D1C33081-F3E5-4BC7-BFA4-8E0CD503D61C}.Debug|Any CPU.Build.0 = Debug|Any CPU
		{D1C33081-F3E5-4BC7-BFA4-8E0CD503D61C}.Release|Any CPU.ActiveCfg = Release|Any CPU
		{D1C33081-F3E5-4BC7-BFA4-8E0CD503D61C}.Release|Any CPU.Build.0 = Release|Any CPU
		{018EBCF4-0BB1-4814-99A5-7348BA015576}.Debug|Any CPU.ActiveCfg = Debug|Any CPU
		{018EBCF4-0BB1-4814-99A5-7348BA015576}.Debug|Any CPU.Build.0 = Debug|Any CPU
		{018EBCF4-0BB1-4814-99A5-7348BA015576}.Release|Any CPU.ActiveCfg = Release|Any CPU
		{018EBCF4-0BB1-4814-99A5-7348BA015576}.Release|Any CPU.Build.0 = Release|Any CPU
		{CB61233E-AF70-413B-AACB-35677AD0F688}.Debug|Any CPU.ActiveCfg = Debug|Any CPU
		{CB61233E-AF70-413B-AACB-35677AD0F688}.Debug|Any CPU.Build.0 = Debug|Any CPU
		{CB61233E-AF70-413B-AACB-35677AD0F688}.Release|Any CPU.ActiveCfg = Release|Any CPU
		{CB61233E-AF70-413B-AACB-35677AD0F688}.Release|Any CPU.Build.0 = Release|Any CPU
		{E8CA773C-161E-4136-854C-E6E02891C03A}.Debug|Any CPU.ActiveCfg = Debug|Any CPU
		{E8CA773C-161E-4136-854C-E6E02891C03A}.Debug|Any CPU.Build.0 = Debug|Any CPU
		{E8CA773C-161E-4136-854C-E6E02891C03A}.Release|Any CPU.ActiveCfg = Release|Any CPU
		{E8CA773C-161E-4136-854C-E6E02891C03A}.Release|Any CPU.Build.0 = Release|Any CPU
		{4D2B9D3D-E1F5-4DE0-B08A-8F6B7D104A48}.Debug|Any CPU.ActiveCfg = Debug|Any CPU
		{4D2B9D3D-E1F5-4DE0-B08A-8F6B7D104A48}.Debug|Any CPU.Build.0 = Debug|Any CPU
		{4D2B9D3D-E1F5-4DE0-B08A-8F6B7D104A48}.Release|Any CPU.ActiveCfg = Release|Any CPU
		{4D2B9D3D-E1F5-4DE0-B08A-8F6B7D104A48}.Release|Any CPU.Build.0 = Release|Any CPU
		{523423CF-0F45-4B43-834A-886B1E77364D}.Debug|Any CPU.ActiveCfg = Debug|Any CPU
		{523423CF-0F45-4B43-834A-886B1E77364D}.Debug|Any CPU.Build.0 = Debug|Any CPU
		{523423CF-0F45-4B43-834A-886B1E77364D}.Release|Any CPU.ActiveCfg = Release|Any CPU
		{523423CF-0F45-4B43-834A-886B1E77364D}.Release|Any CPU.Build.0 = Release|Any CPU
	EndGlobalSection
	GlobalSection(SolutionProperties) = preSolution
		HideSolutionNode = FALSE
	EndGlobalSection
	GlobalSection(ExtensibilityGlobals) = postSolution
		SolutionGuid = {EFFBD6D3-0B24-41F4-9680-63184258143A}
	EndGlobalSection
EndGlobal
